
Microsoft Visual Studio Solution File, Format Version 12.00
# Visual Studio Version 17
VisualStudioVersion = 17.9.34607.119
MinimumVisualStudioVersion = 10.0.40219.1
Project("{9A19103F-16F7-4668-BE54-9A1E7A4F7556}") = "Lab", "Lab\Lab.csproj", "{D1B85D18-7A53-4BC2-B399-2EA1C7316B2F}"
EndProject
Global
	GlobalSection(SolutionConfigurationPlatforms) = preSolution
		Debug|Any CPU = Debug|Any CPU
		Release|Any CPU = Release|Any CPU
	EndGlobalSection
	GlobalSection(ProjectConfigurationPlatforms) = postSolution
		{D1B85D18-7A53-4BC2-B399-2EA1C7316B2F}.Debug|Any CPU.ActiveCfg = Debug|Any CPU
		{D1B85D18-7A53-4BC2-B399-2EA1C7316B2F}.Debug|Any CPU.Build.0 = Debug|Any CPU
		{D1B85D18-7A53-4BC2-B399-2EA1C7316B2F}.Release|Any CPU.ActiveCfg = Release|Any CPU
		{D1B85D18-7A53-4BC2-B399-2EA1C7316B2F}.Release|Any CPU.Build.0 = Release|Any CPU
	EndGlobalSection
	GlobalSection(SolutionProperties) = preSolution
		HideSolutionNode = FALSE
	EndGlobalSection
	GlobalSection(ExtensibilityGlobals) = postSolution
		SolutionGuid = {F0002491-98B2-4A3C-8CA5-7AA7449352BE}
	EndGlobalSection
EndGlobal
